github.com/go-sharp/windows v0.0.0-20200229215322-4138d40ba568 h1:dx+BksDSc7OfAt0z0rOJsP8xOOFO+nkZJ097B4XjjCE=
github.com/go-sharp/windows/pkg/ps v0.0.0-20200229215322-4138d40ba568 h1:0XH4WcQFEiriSvjofG1BwNxrpfyaabHdVU01Nbg0eAI=
github.com/go-sharp/windows/pkg/ps v0.0.0-20200229215322-4138d40ba568/go.mod h1:yBfrDUNClUNxcnS3nbGr0Lo043JCsp8LtIVKccZU4/g=
github.com/jessevdk/go-flags v1.4.0 h1:4IU2WS7AumrZ/40jfhf4QVDMsQwqA7VEHozFRrGARJA=
github.com/jessevdk/go-flags v1.4.0/go.mod h1:4FA24M0QyGHXBuZZK/XkWh8h0e1EYbRYJSGM75WSRxI=
golang.org/x/sys v0.0.0-20200212091648-12a6c2dcc1e4 h1:sfkvUWPNGwSV+8/fNqctR5lS2AqCSqYwXdrjCxp/dXo=
golang.org/x/sys v0.0.0-20200212091648-12a6c2dcc1e4/go.mod h1:h1NjWce9XRLGQEsW7wpKNCjG9DtNlClVuFLEZdDNbEs=
golang.org/x/sys v0.0.0-20200223170610-d5e6a3e2c0ae h1:/WDfKMnPU+m5M4xB+6x4kaepxRw6jWvR5iDRdvjHgy8=
golang.org/x/sys v0.0.0-20200223170610-d5e6a3e2c0ae/go.mod h1:h1NjWce9XRLGQEsW7wpKNCjG9DtNlClVuFLEZdDNbEs=
